
Microsoft Visual Studio Solution File, Format Version 12.00
# Visual Studio Version 17
VisualStudioVersion = 17.0.31912.275
MinimumVisualStudioVersion = 10.0.40219.1
Project("{FAE04EC0-301F-11D3-BF4B-00C04F79EFBC}") = "Cs_Caclutor", "Cs_Caclutor\Cs_Caclutor.csproj", "{64A14F13-B440-4FE4-9653-DC697A206928}"
EndProject
Project("{FAE04EC0-301F-11D3-BF4B-00C04F79EFBC}") = "Calculatrice-GUI", "Calculatrice-GUI\Calculatrice-GUI.csproj", "{08CFEA9F-D2E2-40FD-AE0D-99B9DF4F18BA}"
EndProject
Global
	GlobalSection(SolutionConfigurationPlatforms) = preSolution
		Debug|Any CPU = Debug|Any CPU
		Release|Any CPU = Release|Any CPU
	EndGlobalSection
	GlobalSection(ProjectConfigurationPlatforms) = postSolution
		{64A14F13-B440-4FE4-9653-DC697A206928}.Debug|Any CPU.ActiveCfg = Debug|Any CPU
		{64A14F13-B440-4FE4-9653-DC697A206928}.Debug|Any CPU.Build.0 = Debug|Any CPU
		{64A14F13-B440-4FE4-9653-DC697A206928}.Release|Any CPU.ActiveCfg = Release|Any CPU
		{64A14F13-B440-4FE4-9653-DC697A206928}.Release|Any CPU.Build.0 = Release|Any CPU
		{08CFEA9F-D2E2-40FD-AE0D-99B9DF4F18BA}.Debug|Any CPU.ActiveCfg = Debug|Any CPU
		{08CFEA9F-D2E2-40FD-AE0D-99B9DF4F18BA}.Debug|Any CPU.Build.0 = Debug|Any CPU
		{08CFEA9F-D2E2-40FD-AE0D-99B9DF4F18BA}.Release|Any CPU.ActiveCfg = Release|Any CPU
		{08CFEA9F-D2E2-40FD-AE0D-99B9DF4F18BA}.Release|Any CPU.Build.0 = Release|Any CPU
	EndGlobalSection
	GlobalSection(SolutionProperties) = preSolution
		HideSolutionNode = FALSE
	EndGlobalSection
	GlobalSection(ExtensibilityGlobals) = postSolution
		SolutionGuid = {2F8B68F9-3246-4374-970B-D106B1A4D66E}
	EndGlobalSection
EndGlobal
